// !$*UTF8*$!
{
	archiveVersion = 1;
	classes = {
	};
	objectVersion = 51;
	objects = {

/* Begin PBXBuildFile section */
		61306DB826B0188200982447 /* AppDelegate.swift in Sources */ = {isa = PBXBuildFile; fileRef = 61306DB726B0188200982447 /* AppDelegate.swift */; };
		61306DBA26B0188200982447 /* SceneDelegate.swift in Sources */ = {isa = PBXBuildFile; fileRef = 61306DB926B0188200982447 /* SceneDelegate.swift */; };
		61306DBC26B0188200982447 /* ViewController.swift in Sources */ = {isa = PBXBuildFile; fileRef = 61306DBB26B0188200982447 /* ViewController.swift */; };
		61306DBF26B0188200982447 /* Main.storyboard in Resources */ = {isa = PBXBuildFile; fileRef = 61306DBD26B0188200982447 /* Main.storyboard */; };
		61306DC126B0188400982447 /* Assets.xcassets in Resources */ = {isa = PBXBuildFile; fileRef = 61306DC026B0188400982447 /* Assets.xcassets */; };
		61306DC426B0188400982447 /* LaunchScreen.storyboard in Resources */ = {isa = PBXBuildFile; fileRef = 61306DC226B0188400982447 /* LaunchScreen.storyboard */; };
		61306DCE26B26CA600982447 /* AddressTableCell.swift in Sources */ = {isa = PBXBuildFile; fileRef = 61306DCD26B26CA600982447 /* AddressTableCell.swift */; };
		61306DD026B2743400982447 /* Address.swift in Sources */ = {isa = PBXBuildFile; fileRef = 61306DCF26B2743400982447 /* Address.swift */; };
		618C734626B6B60F00A0F81B /* Documents.swift in Sources */ = {isa = PBXBuildFile; fileRef = 618C734526B6B60F00A0F81B /* Documents.swift */; };
		618C734926B6B63000A0F81B /* APIResponse.swift in Sources */ = {isa = PBXBuildFile; fileRef = 618C734826B6B63000A0F81B /* APIResponse.swift */; };
		618C734B26B6B64800A0F81B /* RoadAddress.swift in Sources */ = {isa = PBXBuildFile; fileRef = 618C734A26B6B64800A0F81B /* RoadAddress.swift */; };
		619D389326CA3AF7000BEB66 /* kakaoAddressSearch.swift in Sources */ = {isa = PBXBuildFile; fileRef = 619D389226CA3AF7000BEB66 /* kakaoAddressSearch.swift */; };
		FB540650C3F15E632FE251FE /* Pods_Address_Finder.framework in Frameworks */ = {isa = PBXBuildFile; fileRef = DBF50C3F75068B814E05CB64 /* Pods_Address_Finder.framework */; };
/* End PBXBuildFile section */

/* Begin PBXFileReference section */
		11E21C4FDF3AA116F505F50A /* Pods-Address-Finder.release.xcconfig */ = {isa = PBXFileReference; includeInIndex = 1; lastKnownFileType = text.xcconfig; name = "Pods-Address-Finder.release.xcconfig"; path = "Target Support Files/Pods-Address-Finder/Pods-Address-Finder.release.xcconfig"; sourceTree = "<group>"; };
		61306DB426B0188200982447 /* Address-Finder.app */ = {isa = PBXFileReference; explicitFileType = wrapper.application; includeInIndex = 0; path = "Address-Finder.app"; sourceTree = BUILT_PRODUCTS_DIR; };
		61306DB726B0188200982447 /* AppDelegate.swift */ = {isa = PBXFileReference; lastKnownFileType = sourcecode.swift; path = AppDelegate.swift; sourceTree = "<group>"; };
		61306DB926B0188200982447 /* SceneDelegate.swift */ = {isa = PBXFileReference; lastKnownFileType = sourcecode.swift; path = SceneDelegate.swift; sourceTree = "<group>"; };
		61306DBB26B0188200982447 /* ViewController.swift */ = {isa = PBXFileReference; lastKnownFileType = sourcecode.swift; path = ViewController.swift; sourceTree = "<group>"; };
		61306DBE26B0188200982447 /* Base */ = {isa = PBXFileReference; lastKnownFileType = file.storyboard; name = Base; path = Base.lproj/Main.storyboard; sourceTree = "<group>"; };
		61306DC026B0188400982447 /* Assets.xcassets */ = {isa = PBXFileReference; lastKnownFileType = folder.assetcatalog; path = Assets.xcassets; sourceTree = "<group>"; };
		61306DC326B0188400982447 /* Base */ = {isa = PBXFileReference; lastKnownFileType = file.storyboard; name = Base; path = Base.lproj/LaunchScreen.storyboard; sourceTree = "<group>"; };
		61306DC526B0188400982447 /* Info.plist */ = {isa = PBXFileReference; lastKnownFileType = text.plist.xml; path = Info.plist; sourceTree = "<group>"; };
		61306DCD26B26CA600982447 /* AddressTableCell.swift */ = {isa = PBXFileReference; lastKnownFileType = sourcecode.swift; path = AddressTableCell.swift; sourceTree = "<group>"; };
		61306DCF26B2743400982447 /* Address.swift */ = {isa = PBXFileReference; lastKnownFileType = sourcecode.swift; path = Address.swift; sourceTree = "<group>"; };
		618C734526B6B60F00A0F81B /* Documents.swift */ = {isa = PBXFileReference; lastKnownFileType = sourcecode.swift; path = Documents.swift; sourceTree = "<group>"; };
		618C734826B6B63000A0F81B /* APIResponse.swift */ = {isa = PBXFileReference; lastKnownFileType = sourcecode.swift; path = APIResponse.swift; sourceTree = "<group>"; };
		618C734A26B6B64800A0F81B /* RoadAddress.swift */ = {isa = PBXFileReference; lastKnownFileType = sourcecode.swift; path = RoadAddress.swift; sourceTree = "<group>"; };
		619D389226CA3AF7000BEB66 /* kakaoAddressSearch.swift */ = {isa = PBXFileReference; lastKnownFileType = sourcecode.swift; path = kakaoAddressSearch.swift; sourceTree = "<group>"; };
		CE279F63598100A3D02601A5 /* Pods-Address-Finder.debug.xcconfig */ = {isa = PBXFileReference; includeInIndex = 1; lastKnownFileType = text.xcconfig; name = "Pods-Address-Finder.debug.xcconfig"; path = "Target Support Files/Pods-Address-Finder/Pods-Address-Finder.debug.xcconfig"; sourceTree = "<group>"; };
		DBF50C3F75068B814E05CB64 /* Pods_Address_Finder.framework */ = {isa = PBXFileReference; explicitFileType = wrapper.framework; includeInIndex = 0; path = Pods_Address_Finder.framework; sourceTree = BUILT_PRODUCTS_DIR; };
/* End PBXFileReference section */

/* Begin PBXFrameworksBuildPhase section */
		61306DB126B0188200982447 /* Frameworks */ = {
			isa = PBXFrameworksBuildPhase;
			buildActionMask = 2147483647;
			files = (
				FB540650C3F15E632FE251FE /* Pods_Address_Finder.framework in Frameworks */,
			);
			runOnlyForDeploymentPostprocessing = 0;
		};
/* End PBXFrameworksBuildPhase section */

/* Begin PBXGroup section */
		61306DAB26B0188200982447 = {
			isa = PBXGroup;
			children = (
				61306DB626B0188200982447 /* Address-Finder */,
				61306DB526B0188200982447 /* Products */,
				8B889FCF667CDDF310F98A45 /* Pods */,
				9ACC1494DD9F8AAE2E29FB47 /* Frameworks */,
			);
			sourceTree = "<group>";
		};
		61306DB526B0188200982447 /* Products */ = {
			isa = PBXGroup;
			children = (
				61306DB426B0188200982447 /* Address-Finder.app */,
			);
			name = Products;
			sourceTree = "<group>";
		};
		61306DB626B0188200982447 /* Address-Finder */ = {
			isa = PBXGroup;
			children = (
				619D389126CA3A9A000BEB66 /* API */,
				618C734726B6B61500A0F81B /* Entity */,
				61306DB726B0188200982447 /* AppDelegate.swift */,
				61306DB926B0188200982447 /* SceneDelegate.swift */,
				61306DBB26B0188200982447 /* ViewController.swift */,
				61306DBD26B0188200982447 /* Main.storyboard */,
				61306DC026B0188400982447 /* Assets.xcassets */,
				61306DC226B0188400982447 /* LaunchScreen.storyboard */,
				61306DC526B0188400982447 /* Info.plist */,
				61306DCD26B26CA600982447 /* AddressTableCell.swift */,
			);
			path = "Address-Finder";
			sourceTree = "<group>";
		};
		618C734726B6B61500A0F81B /* Entity */ = {
			isa = PBXGroup;
			children = (
				618C734526B6B60F00A0F81B /* Documents.swift */,
				618C734826B6B63000A0F81B /* APIResponse.swift */,
				61306DCF26B2743400982447 /* Address.swift */,
				618C734A26B6B64800A0F81B /* RoadAddress.swift */,
			);
			path = Entity;
			sourceTree = "<group>";
		};
		619D389126CA3A9A000BEB66 /* API */ = {
			isa = PBXGroup;
			children = (
				619D389226CA3AF7000BEB66 /* kakaoAddressSearch.swift */,
			);
			path = API;
			sourceTree = "<group>";
		};
		8B889FCF667CDDF310F98A45 /* Pods */ = {
			isa = PBXGroup;
			children = (
				CE279F63598100A3D02601A5 /* Pods-Address-Finder.debug.xcconfig */,
				11E21C4FDF3AA116F505F50A /* Pods-Address-Finder.release.xcconfig */,
			);
			path = Pods;
			sourceTree = "<group>";
		};
		9ACC1494DD9F8AAE2E29FB47 /* Frameworks */ = {
			isa = PBXGroup;
			children = (
				DBF50C3F75068B814E05CB64 /* Pods_Address_Finder.framework */,
			);
			name = Frameworks;
			sourceTree = "<group>";
		};
/* End PBXGroup section */

/* Begin PBXNativeTarget section */
		61306DB326B0188200982447 /* Address-Finder */ = {
			isa = PBXNativeTarget;
			buildConfigurationList = 61306DC826B0188400982447 /* Build configuration list for PBXNativeTarget "Address-Finder" */;
			buildPhases = (
				370A8293E5DCE252ED80BAF4 /* [CP] Check Pods Manifest.lock */,
				61306DB026B0188200982447 /* Sources */,
				61306DB126B0188200982447 /* Frameworks */,
				61306DB226B0188200982447 /* Resources */,
				4C779BCEAFD2FCCB4D560B51 /* [CP] Embed Pods Frameworks */,
			);
			buildRules = (
			);
			dependencies = (
			);
			name = "Address-Finder";
			productName = "Address-Finder";
			productReference = 61306DB426B0188200982447 /* Address-Finder.app */;
			productType = "com.apple.product-type.application";
		};
/* End PBXNativeTarget section */

/* Begin PBXProject section */
		61306DAC26B0188200982447 /* Project object */ = {
			isa = PBXProject;
			attributes = {
				LastSwiftUpdateCheck = 1250;
				LastUpgradeCheck = 1250;
				TargetAttributes = {
					61306DB326B0188200982447 = {
						CreatedOnToolsVersion = 12.5.1;
					};
				};
			};
			buildConfigurationList = 61306DAF26B0188200982447 /* Build configuration list for PBXProject "Address-Finder" */;
			compatibilityVersion = "Xcode 9.3";
			developmentRegion = en;
			hasScannedForEncodings = 0;
			knownRegions = (
				en,
				Base,
			);
			mainGroup = 61306DAB26B0188200982447;
			productRefGroup = 61306DB526B0188200982447 /* Products */;
			projectDirPath = "";
			projectRoot = "";
			targets = (
				61306DB326B0188200982447 /* Address-Finder */,
			);
		};
/* End PBXProject section */

/* Begin PBXResourcesBuildPhase section */
		61306DB226B0188200982447 /* Resources */ = {
			isa = PBXResourcesBuildPhase;
			buildActionMask = 2147483647;
			files = (
				61306DC426B0188400982447 /* LaunchScreen.storyboard in Resources */,
				61306DC126B0188400982447 /* Assets.xcassets in Resources */,
				61306DBF26B0188200982447 /* Main.storyboard in Resources */,
			);
			runOnlyForDeploymentPostprocessing = 0;
		};
/* End PBXResourcesBuildPhase section */

/* Begin PBXShellScriptBuildPhase section */
		370A8293E5DCE252ED80BAF4 /* [CP] Check Pods Manifest.lock */ = {
			isa = PBXShellScriptBuildPhase;
			buildActionMask = 2147483647;
			files = (
			);
			inputFileListPaths = (
			);
			inputPaths = (
				"${PODS_PODFILE_DIR_PATH}/Podfile.lock",
				"${PODS_ROOT}/Manifest.lock",
			);
			name = "[CP] Check Pods Manifest.lock";
			outputFileListPaths = (
			);
			outputPaths = (
				"$(DERIVED_FILE_DIR)/Pods-Address-Finder-checkManifestLockResult.txt",
			);
			runOnlyForDeploymentPostprocessing = 0;
			shellPath = /bin/sh;
			shellScript = "diff \"${PODS_PODFILE_DIR_PATH}/Podfile.lock\" \"${PODS_ROOT}/Manifest.lock\" > /dev/null\nif [ $? != 0 ] ; then\n    # print error to STDERR\n    echo \"error: The sandbox is not in sync with the Podfile.lock. Run 'pod install' or update your CocoaPods installation.\" >&2\n    exit 1\nfi\n# This output is used by Xcode 'outputs' to avoid re-running this script phase.\necho \"SUCCESS\" > \"${SCRIPT_OUTPUT_FILE_0}\"\n";
			showEnvVarsInLog = 0;
		};
		4C779BCEAFD2FCCB4D560B51 /* [CP] Embed Pods Frameworks */ = {
			isa = PBXShellScriptBuildPhase;
			buildActionMask = 2147483647;
			files = (
			);
			inputFileListPaths = (
				"${PODS_ROOT}/Target Support Files/Pods-Address-Finder/Pods-Address-Finder-frameworks-${CONFIGURATION}-input-files.xcfilelist",
			);
			name = "[CP] Embed Pods Frameworks";
			outputFileListPaths = (
				"${PODS_ROOT}/Target Support Files/Pods-Address-Finder/Pods-Address-Finder-frameworks-${CONFIGURATION}-output-files.xcfilelist",
			);
			runOnlyForDeploymentPostprocessing = 0;
			shellPath = /bin/sh;
			shellScript = "\"${PODS_ROOT}/Target Support Files/Pods-Address-Finder/Pods-Address-Finder-frameworks.sh\"\n";
			showEnvVarsInLog = 0;
		};
/* End PBXShellScriptBuildPhase section */

/* Begin PBXSourcesBuildPhase section */
		61306DB026B0188200982447 /* Sources */ = {
			isa = PBXSourcesBuildPhase;
			buildActionMask = 2147483647;
			files = (
				618C734B26B6B64800A0F81B /* RoadAddress.swift in Sources */,
				619D389326CA3AF7000BEB66 /* kakaoAddressSearch.swift in Sources */,
				618C734926B6B63000A0F81B /* APIResponse.swift in Sources */,
				61306DCE26B26CA600982447 /* AddressTableCell.swift in Sources */,
				61306DBC26B0188200982447 /* ViewController.swift in Sources */,
				61306DB826B0188200982447 /* AppDelegate.swift in Sources */,
				61306DD026B2743400982447 /* Address.swift in Sources */,
				618C734626B6B60F00A0F81B /* Documents.swift in Sources */,
				61306DBA26B0188200982447 /* SceneDelegate.swift in Sources */,
			);
			runOnlyForDeploymentPostprocessing = 0;
		};
/* End PBXSourcesBuildPhase section */

/* Begin PBXVariantGroup section */
		61306DBD26B0188200982447 /* Main.storyboard */ = {
			isa = PBXVariantGroup;
			children = (
				61306DBE26B0188200982447 /* Base */,
			);
			name = Main.storyboard;
			sourceTree = "<group>";
		};
		61306DC226B0188400982447 /* LaunchScreen.storyboard */ = {
			isa = PBXVariantGroup;
			children = (
				61306DC326B0188400982447 /* Base */,
			);
			name = LaunchScreen.storyboard;
			sourceTree = "<group>";
		};
/* End PBXVariantGroup section */

/* Begin XCBuildConfiguration section */
		61306DC626B0188400982447 /* Debug */ = {
			isa = XCBuildConfiguration;
			buildSettings = {
				ALWAYS_SEARCH_USER_PATHS = NO;
				CLANG_ANALYZER_NONNULL = YES;
				CLANG_ANALYZER_NUMBER_OBJECT_CONVERSION = YES_AGGRESSIVE;
				CLANG_CXX_LANGUAGE_STANDARD = "gnu++14";
				CLANG_CXX_LIBRARY = "libc++";
				CLANG_ENABLE_MODULES = YES;
				CLANG_ENABLE_OBJC_ARC = YES;
				CLANG_ENABLE_OBJC_WEAK = YES;
				CLANG_WARN_BLOCK_CAPTURE_AUTORELEASING = YES;
				CLANG_WARN_BOOL_CONVERSION = YES;
				CLANG_WARN_COMMA = YES;
				CLANG_WARN_CONSTANT_CONVERSION = YES;
				CLANG_WARN_DEPRECATED_OBJC_IMPLEMENTATIONS = YES;
				CLANG_WARN_DIRECT_OBJC_ISA_USAGE = YES_ERROR;
				CLANG_WARN_DOCUMENTATION_COMMENTS = YES;
				CLANG_WARN_EMPTY_BODY = YES;
				CLANG_WARN_ENUM_CONVERSION = YES;
				CLANG_WARN_INFINITE_RECURSION = YES;
				CLANG_WARN_INT_CONVERSION = YES;
				CLANG_WARN_NON_LITERAL_NULL_CONVERSION = YES;
				CLANG_WARN_OBJC_IMPLICIT_RETAIN_SELF = YES;
				CLANG_WARN_OBJC_LITERAL_CONVERSION = YES;
				CLANG_WARN_OBJC_ROOT_CLASS = YES_ERROR;
				CLANG_WARN_QUOTED_INCLUDE_IN_FRAMEWORK_HEADER = YES;
				CLANG_WARN_RANGE_LOOP_ANALYSIS = YES;
				CLANG_WARN_STRICT_PROTOTYPES = YES;
				CLANG_WARN_SUSPICIOUS_MOVE = YES;
				CLANG_WARN_UNGUARDED_AVAILABILITY = YES_AGGRESSIVE;
				CLANG_WARN_UNREACHABLE_CODE = YES;
				CLANG_WARN__DUPLICATE_METHOD_MATCH = YES;
				COPY_PHASE_STRIP = NO;
				DEBUG_INFORMATION_FORMAT = dwarf;
				ENABLE_STRICT_OBJC_MSGSEND = YES;
				ENABLE_TESTABILITY = YES;
				GCC_C_LANGUAGE_STANDARD = gnu11;
				GCC_DYNAMIC_NO_PIC = NO;
				GCC_NO_COMMON_BLOCKS = YES;
				GCC_OPTIMIZATION_LEVEL = 0;
				GCC_PREPROCESSOR_DEFINITIONS = (
					"DEBUG=1",
					"$(inherited)",
				);
				GCC_WARN_64_TO_32_BIT_CONVERSION = YES;
				GCC_WARN_ABOUT_RETURN_TYPE = YES_ERROR;
				GCC_WARN_UNDECLARED_SELECTOR = YES;
				GCC_WARN_UNINITIALIZED_AUTOS = YES_AGGRESSIVE;
				GCC_WARN_UNUSED_FUNCTION = YES;
				GCC_WARN_UNUSED_VARIABLE = YES;
				IPHONEOS_DEPLOYMENT_TARGET = 14.5;
				MTL_ENABLE_DEBUG_INFO = INCLUDE_SOURCE;
				MTL_FAST_MATH = YES;
				ONLY_ACTIVE_ARCH = YES;
				SDKROOT = iphoneos;
				SWIFT_ACTIVE_COMPILATION_CONDITIONS = DEBUG;
				SWIFT_OPTIMIZATION_LEVEL = "-Onone";
			};
			name = Debug;
		};
		61306DC726B0188400982447 /* Release */ = {
			isa = XCBuildConfiguration;
			buildSettings = {
				ALWAYS_SEARCH_USER_PATHS = NO;
				CLANG_ANALYZER_NONNULL = YES;
				CLANG_ANALYZER_NUMBER_OBJECT_CONVERSION = YES_AGGRESSIVE;
				CLANG_CXX_LANGUAGE_STANDARD = "gnu++14";
				CLANG_CXX_LIBRARY = "libc++";
				CLANG_ENABLE_MODULES = YES;
				CLANG_ENABLE_OBJC_ARC = YES;
				CLANG_ENABLE_OBJC_WEAK = YES;
				CLANG_WARN_BLOCK_CAPTURE_AUTORELEASING = YES;
				CLANG_WARN_BOOL_CONVERSION = YES;
				CLANG_WARN_COMMA = YES;
				CLANG_WARN_CONSTANT_CONVERSION = YES;
				CLANG_WARN_DEPRECATED_OBJC_IMPLEMENTATIONS = YES;
				CLANG_WARN_DIRECT_OBJC_ISA_USAGE = YES_ERROR;
				CLANG_WARN_DOCUMENTATION_COMMENTS = YES;
				CLANG_WARN_EMPTY_BODY = YES;
				CLANG_WARN_ENUM_CONVERSION = YES;
				CLANG_WARN_INFINITE_RECURSION = YES;
				CLANG_WARN_INT_CONVERSION = YES;
				CLANG_WARN_NON_LITERAL_NULL_CONVERSION = YES;
				CLANG_WARN_OBJC_IMPLICIT_RETAIN_SELF = YES;
				CLANG_WARN_OBJC_LITERAL_CONVERSION = YES;
				CLANG_WARN_OBJC_ROOT_CLASS = YES_ERROR;
				CLANG_WARN_QUOTED_INCLUDE_IN_FRAMEWORK_HEADER = YES;
				CLANG_WARN_RANGE_LOOP_ANALYSIS = YES;
				CLANG_WARN_STRICT_PROTOTYPES = YES;
				CLANG_WARN_SUSPICIOUS_MOVE = YES;
				CLANG_WARN_UNGUARDED_AVAILABILITY = YES_AGGRESSIVE;
				CLANG_WARN_UNREACHABLE_CODE = YES;
				CLANG_WARN__DUPLICATE_METHOD_MATCH = YES;
				COPY_PHASE_STRIP = NO;
				DEBUG_INFORMATION_FORMAT = "dwarf-with-dsym";
				ENABLE_NS_ASSERTIONS = NO;
				ENABLE_STRICT_OBJC_MSGSEND = YES;
				GCC_C_LANGUAGE_STANDARD = gnu11;
				GCC_NO_COMMON_BLOCKS = YES;
				GCC_WARN_64_TO_32_BIT_CONVERSION = YES;
				GCC_WARN_ABOUT_RETURN_TYPE = YES_ERROR;
				GCC_WARN_UNDECLARED_SELECTOR = YES;
				GCC_WARN_UNINITIALIZED_AUTOS = YES_AGGRESSIVE;
				GCC_WARN_UNUSED_FUNCTION = YES;
				GCC_WARN_UNUSED_VARIABLE = YES;
				IPHONEOS_DEPLOYMENT_TARGET = 14.5;
				MTL_ENABLE_DEBUG_INFO = NO;
				MTL_FAST_MATH = YES;
				SDKROOT = iphoneos;
				SWIFT_COMPILATION_MODE = wholemodule;
				SWIFT_OPTIMIZATION_LEVEL = "-O";
				VALIDATE_PRODUCT = YES;
			};
			name = Release;
		};
		61306DC926B0188400982447 /* Debug */ = {
			isa = XCBuildConfiguration;
			baseConfigurationReference = CE279F63598100A3D02601A5 /* Pods-Address-Finder.debug.xcconfig */;
			buildSettings = {
				ASSETCATALOG_COMPILER_APPICON_NAME = AppIcon;
				ASSETCATALOG_COMPILER_GLOBAL_ACCENT_COLOR_NAME = AccentColor;
				CODE_SIGN_STYLE = Automatic;
				DEVELOPMENT_TEAM = R4HW69RLJ5;
				INFOPLIST_FILE = "Address-Finder/Info.plist";
				LD_RUNPATH_SEARCH_PATHS = (
					"$(inherited)",
					"@executable_path/Frameworks",
				);
				PRODUCT_BUNDLE_IDENTIFIER = "jjong.Address-Finder";
				PRODUCT_NAME = "$(TARGET_NAME)";
				SWIFT_VERSION = 5.0;
				TARGETED_DEVICE_FAMILY = "1,2";
			};
			name = Debug;
		};
		61306DCA26B0188400982447 /* Release */ = {
			isa = XCBuildConfiguration;
			baseConfigurationReference = 11E21C4FDF3AA116F505F50A /* Pods-Address-Finder.release.xcconfig */;
			buildSettings = {
				ASSETCATALOG_COMPILER_APPICON_NAME = AppIcon;
				ASSETCATALOG_COMPILER_GLOBAL_ACCENT_COLOR_NAME = AccentColor;
				CODE_SIGN_STYLE = Automatic;
				DEVELOPMENT_TEAM = R4HW69RLJ5;
				INFOPLIST_FILE = "Address-Finder/Info.plist";
				LD_RUNPATH_SEARCH_PATHS = (
					"$(inherited)",
					"@executable_path/Frameworks",
				);
				PRODUCT_BUNDLE_IDENTIFIER = "jjong.Address-Finder";
				PRODUCT_NAME = "$(TARGET_NAME)";
				SWIFT_VERSION = 5.0;
				TARGETED_DEVICE_FAMILY = "1,2";
			};
			name = Release;
		};
/* End XCBuildConfiguration section */

/* Begin XCConfigurationList section */
		61306DAF26B0188200982447 /* Build configuration list for PBXProject "Address-Finder" */ = {
			isa = XCConfigurationList;
			buildConfigurations = (
				61306DC626B0188400982447 /* Debug */,
				61306DC726B0188400982447 /* Release */,
			);
			defaultConfigurationIsVisible = 0;
			defaultConfigurationName = Release;
		};
		61306DC826B0188400982447 /* Build configuration list for PBXNativeTarget "Address-Finder" */ = {
			isa = XCConfigurationList;
			buildConfigurations = (
				61306DC926B0188400982447 /* Debug */,
				61306DCA26B0188400982447 /* Release */,
			);
			defaultConfigurationIsVisible = 0;
			defaultConfigurationName = Release;
		};
/* End XCConfigurationList section */
	};
	rootObject = 61306DAC26B0188200982447 /* Project object */;
}
